
Microsoft Visual Studio Solution File, Format Version 12.00
# Visual Studio Version 17
VisualStudioVersion = 17.6.33519.23
MinimumVisualStudioVersion = 10.0.40219.1
Project("{9A19103F-16F7-4668-BE54-9A1E7A4F7556}") = "HeapEnumerationDemo", "HeapEnumerationDemo\HeapEnumerationDemo.csproj", "{2A54448C-62D1-4582-9970-D276E14EA4B6}"
EndProject
Project("{FAE04EC0-301F-11D3-BF4B-00C04F79EFBC}") = "EnumerationTarget", "EnumerationTarget\EnumerationTarget.csproj", "{2D4CED56-59A8-48AE-95D2-D6F5564CCFCC}"
EndProject
Global
	GlobalSection(SolutionConfigurationPlatforms) = preSolution
		Debug|Any CPU = Debug|Any CPU
		Release|Any CPU = Release|Any CPU
	EndGlobalSection
	GlobalSection(ProjectConfigurationPlatforms) = postSolution
		{2A54448C-62D1-4582-9970-D276E14EA4B6}.Debug|Any CPU.ActiveCfg = Debug|Any CPU
		{2A54448C-62D1-4582-9970-D276E14EA4B6}.Debug|Any CPU.Build.0 = Debug|Any CPU
		{2A54448C-62D1-4582-9970-D276E14EA4B6}.Release|Any CPU.ActiveCfg = Release|Any CPU
		{2A54448C-62D1-4582-9970-D276E14EA4B6}.Release|Any CPU.Build.0 = Release|Any CPU
		{2D4CED56-59A8-48AE-95D2-D6F5564CCFCC}.Debug|Any CPU.ActiveCfg = Debug|Any CPU
		{2D4CED56-59A8-48AE-95D2-D6F5564CCFCC}.Debug|Any CPU.Build.0 = Debug|Any CPU
		{2D4CED56-59A8-48AE-95D2-D6F5564CCFCC}.Release|Any CPU.ActiveCfg = Release|Any CPU
		{2D4CED56-59A8-48AE-95D2-D6F5564CCFCC}.Release|Any CPU.Build.0 = Release|Any CPU
	EndGlobalSection
	GlobalSection(SolutionProperties) = preSolution
		HideSolutionNode = FALSE
	EndGlobalSection
	GlobalSection(ExtensibilityGlobals) = postSolution
		SolutionGuid = {A23ABAC3-06F7-4CF0-B922-C21F3CBFDEB4}
	EndGlobalSection
EndGlobal
